<?xml version="1.0" encoding="UTF-8" standalone="yes" ?>
<CodeBlocks_project_file>
	<FileVersion major="1" minor="6" />
	<Project>
		<Option title="Emu" />
		<Option pch_mode="2" />
		<Option compiler="gcc" />
		<Build>
			<Target title="Debug">
				<Option output="bin/Debug/Emu" prefix_auto="1" extension_auto="1" />
				<Option object_output="obj/Debug/" />
				<Option type="1" />
				<Option compiler="gcc" />
				<Compiler>
					<Add option="-std=c++14" />
					<Add option="-g" />
				</Compiler>
			</Target>
			<Target title="Release">
				<Option output="bin/Release/PokittoEmu" prefix_auto="1" extension_auto="1" />
				<Option object_output="obj/Release/" />
				<Option type="0" />
				<Option compiler="gcc" />
				<Option parameters="file.elf" />
				<Compiler>
					<Add option="-O2" />
					<Add option="-std=c++14" />
				</Compiler>
				<Linker>
					<Add option="-s" />
				</Linker>
			</Target>
		</Build>
		<Compiler>
			<Add option="-Wall" />
			<Add directory="C:/Users/felip/Downloads/SDL2-2.0.9/i686-w64-mingw32/include" />
		</Compiler>
		<Linker>
			<Add library="mingw32" />
			<Add library="../../../Downloads/SDL2-2.0.9/i686-w64-mingw32/lib/libSDL2main.a" />
			<Add library="../../../Downloads/SDL2-2.0.9/i686-w64-mingw32/lib/libSDL2.dll.a" />
			<Add library="user32" />
			<Add library="gdi32" />
			<Add library="winmm" />
			<Add library="dxguid" />
			<Add library="../../../Downloads/SDL2-2.0.9/i686-w64-mingw32/lib/libSDL2_image.dll.a" />
			<Add library="../../../Downloads/SDL2-2.0.9/i686-w64-mingw32/lib/libSDL2_net.dll.a" />
			<Add directory="C:/Users/felip/Downloads/SDL2-2.0.8/i686-w64-mingw32/lib" />
		</Linker>
		<ExtraCommands>
			<Add after="XCOPY $(#sdl2)\bin\*.dll $(TARGET_OUTPUT_DIR) /D /Y" />
		</ExtraCommands>
		<Unit filename="adc.cpp" />
		<Unit filename="adc.hpp" />
		<Unit filename="audio.cpp" />
		<Unit filename="audio.hpp" />
		<Unit filename="cpu.cpp" />
		<Unit filename="cpu.hpp" />
		<Unit filename="gdb.cpp" />
		<Unit filename="gdb.hpp" />
		<Unit filename="gif.h" />
		<Unit filename="gpio.cpp" />
		<Unit filename="gpio.hpp" />
		<Unit filename="iap.cpp" />
		<Unit filename="iap.hpp" />
		<Unit filename="initerror.hpp" />
		<Unit filename="iocon.cpp" />
		<Unit filename="iocon.hpp" />
		<Unit filename="loadBin.cpp" />
		<Unit filename="loadEeprom.cpp" />
		<Unit filename="main.cpp" />
		<Unit filename="mmu.cpp" />
		<Unit filename="mmu.hpp" />
		<Unit filename="mmuregx16.h" />
		<Unit filename="net.hpp" />
		<Unit filename="pex.cpp" />
		<Unit filename="pex.hpp" />
		<Unit filename="prof.cpp" />
		<Unit filename="prof.hpp" />
		<Unit filename="rtc.cpp" />
		<Unit filename="rtc.hpp" />
		<Unit filename="screen.cpp" />
		<Unit filename="screen.hpp" />
		<Unit filename="sct.cpp" />
		<Unit filename="sct.hpp" />
		<Unit filename="sd.cpp" />
		<Unit filename="sd.hpp" />
		<Unit filename="sdl.cpp" />
		<Unit filename="sdl.hpp" />
		<Unit filename="spi.cpp" />
		<Unit filename="spi.hpp" />
		<Unit filename="state.hpp" />
		<Unit filename="sys.cpp" />
		<Unit filename="sys.hpp" />
		<Unit filename="thumb2.cpp" />
		<Unit filename="timers.cpp" />
		<Unit filename="timers.hpp" />
		<Unit filename="types.hpp" />
		<Unit filename="usart.cpp" />
		<Unit filename="usart.hpp" />
		<Unit filename="verify.cpp" />
		<Unit filename="verify.hpp" />
		<Extensions>
			<code_completion />
			<envvars />
			<debugger />
		</Extensions>
	</Project>
</CodeBlocks_project_file>
